
Microsoft Visual Studio Solution File, Format Version 12.00
# Visual Studio Version 17
VisualStudioVersion = 17.14.36511.14
MinimumVisualStudioVersion = 10.0.40219.1
Project("{FAE04EC0-301F-11D3-BF4B-00C04F79EFBC}") = "e94131114_practice_5_2", "e94131114_practice_5_1\e94131114_practice_5_2.csproj", "{E294A836-AC24-44E7-AB5A-F9954F184094}"
EndProject
Global
	GlobalSection(SolutionConfigurationPlatforms) = preSolution
		Debug|Any CPU = Debug|Any CPU
		Release|Any CPU = Release|Any CPU
	EndGlobalSection
	GlobalSection(ProjectConfigurationPlatforms) = postSolution
		{E294A836-AC24-44E7-AB5A-F9954F184094}.Debug|Any CPU.ActiveCfg = Debug|Any CPU
		{E294A836-AC24-44E7-AB5A-F9954F184094}.Debug|Any CPU.Build.0 = Debug|Any CPU
		{E294A836-AC24-44E7-AB5A-F9954F184094}.Release|Any CPU.ActiveCfg = Release|Any CPU
		{E294A836-AC24-44E7-AB5A-F9954F184094}.Release|Any CPU.Build.0 = Release|Any CPU
	EndGlobalSection
	GlobalSection(SolutionProperties) = preSolution
		HideSolutionNode = FALSE
	EndGlobalSection
	GlobalSection(ExtensibilityGlobals) = postSolution
		SolutionGuid = {E7DA347B-0DAD-4831-BCC7-7649E16C408B}
	EndGlobalSection
EndGlobal
