
Microsoft Visual Studio Solution File, Format Version 12.00
# Visual Studio Version 17
VisualStudioVersion = 17.14.36511.14 d17.14
MinimumVisualStudioVersion = 10.0.40219.1
Project("{FAE04EC0-301F-11D3-BF4B-00C04F79EFBC}") = "e94131114_practice_3_1", "e94131114_practice_3_1\e94131114_practice_3_1.csproj", "{5A954C89-63A2-4ACB-8700-A0400880E5F3}"
EndProject
Global
	GlobalSection(SolutionConfigurationPlatforms) = preSolution
		Debug|Any CPU = Debug|Any CPU
		Release|Any CPU = Release|Any CPU
	EndGlobalSection
	GlobalSection(ProjectConfigurationPlatforms) = postSolution
		{5A954C89-63A2-4ACB-8700-A0400880E5F3}.Debug|Any CPU.ActiveCfg = Debug|Any CPU
		{5A954C89-63A2-4ACB-8700-A0400880E5F3}.Debug|Any CPU.Build.0 = Debug|Any CPU
		{5A954C89-63A2-4ACB-8700-A0400880E5F3}.Release|Any CPU.ActiveCfg = Release|Any CPU
		{5A954C89-63A2-4ACB-8700-A0400880E5F3}.Release|Any CPU.Build.0 = Release|Any CPU
	EndGlobalSection
	GlobalSection(SolutionProperties) = preSolution
		HideSolutionNode = FALSE
	EndGlobalSection
	GlobalSection(ExtensibilityGlobals) = postSolution
		SolutionGuid = {C90CAC35-B977-4A48-A881-F462B741C1F9}
	EndGlobalSection
EndGlobal
