
Microsoft Visual Studio Solution File, Format Version 12.00
# Visual Studio Version 17
VisualStudioVersion = 17.14.36623.8 d17.14
MinimumVisualStudioVersion = 10.0.40219.1
Project("{FAE04EC0-301F-11D3-BF4B-00C04F79EFBC}") = "e94131114_practice_6_1", "e94131114_practice_6_1\e94131114_practice_6_1.csproj", "{8ACC38C5-BA50-4970-9EA5-6226A6274981}"
EndProject
Global
	GlobalSection(SolutionConfigurationPlatforms) = preSolution
		Debug|Any CPU = Debug|Any CPU
		Release|Any CPU = Release|Any CPU
	EndGlobalSection
	GlobalSection(ProjectConfigurationPlatforms) = postSolution
		{8ACC38C5-BA50-4970-9EA5-6226A6274981}.Debug|Any CPU.ActiveCfg = Debug|Any CPU
		{8ACC38C5-BA50-4970-9EA5-6226A6274981}.Debug|Any CPU.Build.0 = Debug|Any CPU
		{8ACC38C5-BA50-4970-9EA5-6226A6274981}.Release|Any CPU.ActiveCfg = Release|Any CPU
		{8ACC38C5-BA50-4970-9EA5-6226A6274981}.Release|Any CPU.Build.0 = Release|Any CPU
	EndGlobalSection
	GlobalSection(SolutionProperties) = preSolution
		HideSolutionNode = FALSE
	EndGlobalSection
	GlobalSection(ExtensibilityGlobals) = postSolution
		SolutionGuid = {04B66691-C731-4B7F-BFC6-05571644133D}
	EndGlobalSection
EndGlobal
